
Microsoft Visual Studio Solution File, Format Version 12.00
# Visual Studio Version 17
VisualStudioVersion = 17.10.35027.167
MinimumVisualStudioVersion = 10.0.40219.1
Project("{9A19103F-16F7-4668-BE54-9A1E7A4F7556}") = "SearchingAlgorithms", "SearchingAlgorithms.csproj", "{B0ADD2BC-683C-44A1-B6BC-64624E7EA078}"
EndProject
Project("{FAE04EC0-301F-11D3-BF4B-00C04F79EFBC}") = "SearchingAlgorithmsTest", "..\SearchingAlgorithmsTest\SearchingAlgorithmsTest.csproj", "{D81EA450-EF36-41C9-BDEE-632D809DECE9}"
EndProject
Global
	GlobalSection(SolutionConfigurationPlatforms) = preSolution
		Debug|Any CPU = Debug|Any CPU
		Release|Any CPU = Release|Any CPU
	EndGlobalSection
	GlobalSection(ProjectConfigurationPlatforms) = postSolution
		{B0ADD2BC-683C-44A1-B6BC-64624E7EA078}.Debug|Any CPU.ActiveCfg = Debug|Any CPU
		{B0ADD2BC-683C-44A1-B6BC-64624E7EA078}.Debug|Any CPU.Build.0 = Debug|Any CPU
		{B0ADD2BC-683C-44A1-B6BC-64624E7EA078}.Release|Any CPU.ActiveCfg = Release|Any CPU
		{B0ADD2BC-683C-44A1-B6BC-64624E7EA078}.Release|Any CPU.Build.0 = Release|Any CPU
		{D81EA450-EF36-41C9-BDEE-632D809DECE9}.Debug|Any CPU.ActiveCfg = Debug|Any CPU
		{D81EA450-EF36-41C9-BDEE-632D809DECE9}.Debug|Any CPU.Build.0 = Debug|Any CPU
		{D81EA450-EF36-41C9-BDEE-632D809DECE9}.Release|Any CPU.ActiveCfg = Release|Any CPU
		{D81EA450-EF36-41C9-BDEE-632D809DECE9}.Release|Any CPU.Build.0 = Release|Any CPU
	EndGlobalSection
	GlobalSection(SolutionProperties) = preSolution
		HideSolutionNode = FALSE
	EndGlobalSection
	GlobalSection(ExtensibilityGlobals) = postSolution
		SolutionGuid = {A70C10CC-C1C6-4A9B-BED2-02E2CF962483}
	EndGlobalSection
EndGlobal
